
Microsoft Visual Studio Solution File, Format Version 12.00
# Visual Studio Version 16
VisualStudioVersion = 16.0.31729.503
MinimumVisualStudioVersion = 10.0.40219.1
Project("{9A19103F-16F7-4668-BE54-9A1E7A4F7556}") = "Lesson 5.1", "Lesson 5\Lesson 5.1.csproj", "{77815A55-DA3D-4C18-8363-B51740D53A79}"
EndProject
Project("{9A19103F-16F7-4668-BE54-9A1E7A4F7556}") = "Lesson 5.2", "Lesson 5.2\Lesson 5.2.csproj", "{12721FB6-1C8D-4792-B4F2-C3FB14A71CA3}"
EndProject
Global
	GlobalSection(SolutionConfigurationPlatforms) = preSolution
		Debug|Any CPU = Debug|Any CPU
		Release|Any CPU = Release|Any CPU
	EndGlobalSection
	GlobalSection(ProjectConfigurationPlatforms) = postSolution
		{77815A55-DA3D-4C18-8363-B51740D53A79}.Debug|Any CPU.ActiveCfg = Debug|Any CPU
		{77815A55-DA3D-4C18-8363-B51740D53A79}.Debug|Any CPU.Build.0 = Debug|Any CPU
		{77815A55-DA3D-4C18-8363-B51740D53A79}.Release|Any CPU.ActiveCfg = Release|Any CPU
		{77815A55-DA3D-4C18-8363-B51740D53A79}.Release|Any CPU.Build.0 = Release|Any CPU
		{12721FB6-1C8D-4792-B4F2-C3FB14A71CA3}.Debug|Any CPU.ActiveCfg = Debug|Any CPU
		{12721FB6-1C8D-4792-B4F2-C3FB14A71CA3}.Debug|Any CPU.Build.0 = Debug|Any CPU
		{12721FB6-1C8D-4792-B4F2-C3FB14A71CA3}.Release|Any CPU.ActiveCfg = Release|Any CPU
		{12721FB6-1C8D-4792-B4F2-C3FB14A71CA3}.Release|Any CPU.Build.0 = Release|Any CPU
	EndGlobalSection
	GlobalSection(SolutionProperties) = preSolution
		HideSolutionNode = FALSE
	EndGlobalSection
	GlobalSection(ExtensibilityGlobals) = postSolution
		SolutionGuid = {FBE63909-FCA1-4FA5-8D39-B8ED704CA5A5}
	EndGlobalSection
EndGlobal
